
Microsoft Visual Studio Solution File, Format Version 12.00
# Visual Studio Version 16
VisualStudioVersion = 16.0.32630.194
MinimumVisualStudioVersion = 10.0.40219.1
Project("{FAE04EC0-301F-11D3-BF4B-00C04F79EFBC}") = "CrudNetCore5", "CrudNetCore5\CrudNetCore5.csproj", "{82EF33DE-4AE0-4172-B14D-D9B89AB827BE}"
EndProject
Global
	GlobalSection(SolutionConfigurationPlatforms) = preSolution
		Debug|Any CPU = Debug|Any CPU
		Release|Any CPU = Release|Any CPU
	EndGlobalSection
	GlobalSection(ProjectConfigurationPlatforms) = postSolution
		{82EF33DE-4AE0-4172-B14D-D9B89AB827BE}.Debug|Any CPU.ActiveCfg = Debug|Any CPU
		{82EF33DE-4AE0-4172-B14D-D9B89AB827BE}.Debug|Any CPU.Build.0 = Debug|Any CPU
		{82EF33DE-4AE0-4172-B14D-D9B89AB827BE}.Release|Any CPU.ActiveCfg = Release|Any CPU
		{82EF33DE-4AE0-4172-B14D-D9B89AB827BE}.Release|Any CPU.Build.0 = Release|Any CPU
	EndGlobalSection
	GlobalSection(SolutionProperties) = preSolution
		HideSolutionNode = FALSE
	EndGlobalSection
	GlobalSection(ExtensibilityGlobals) = postSolution
		SolutionGuid = {9F605337-A787-41C6-8489-25DA5C2A8BC0}
	EndGlobalSection
EndGlobal
